// !$*UTF8*$!
{
	archiveVersion = 1;
	classes = {
	};
	objectVersion = 46;
	objects = {

/* Begin PBXBuildFile section */
		EBC8036D1A5BA7C000D95FEC /* AppDelegate.swift in Sources */ = {isa = PBXBuildFile; fileRef = EBC8036C1A5BA7C000D95FEC /* AppDelegate.swift */; };
		EBC8036F1A5BA7C000D95FEC /* ViewController.swift in Sources */ = {isa = PBXBuildFile; fileRef = EBC8036E1A5BA7C000D95FEC /* ViewController.swift */; };
		EBC803721A5BA7C000D95FEC /* Main.storyboard in Resources */ = {isa = PBXBuildFile; fileRef = EBC803701A5BA7C000D95FEC /* Main.storyboard */; };
		EBC803741A5BA7C000D95FEC /* Images.xcassets in Resources */ = {isa = PBXBuildFile; fileRef = EBC803731A5BA7C000D95FEC /* Images.xcassets */; };
		EBC803771A5BA7C000D95FEC /* LaunchScreen.xib in Resources */ = {isa = PBXBuildFile; fileRef = EBC803751A5BA7C000D95FEC /* LaunchScreen.xib */; };
		EBC803831A5BA7C000D95FEC /* camera_sessionTests.swift in Sources */ = {isa = PBXBuildFile; fileRef = EBC803821A5BA7C000D95FEC /* camera_sessionTests.swift */; };
/* End PBXBuildFile section */

/* Begin PBXContainerItemProxy section */
		EBC8037D1A5BA7C000D95FEC /* PBXContainerItemProxy */ = {
			isa = PBXContainerItemProxy;
			containerPortal = EBC8035F1A5BA7C000D95FEC /* Project object */;
			proxyType = 1;
			remoteGlobalIDString = EBC803661A5BA7C000D95FEC;
			remoteInfo = "camera-session";
		};
/* End PBXContainerItemProxy section */

/* Begin PBXFileReference section */
		EBC803671A5BA7C000D95FEC /* camera-session.app */ = {isa = PBXFileReference; explicitFileType = wrapper.application; includeInIndex = 0; path = "camera-session.app"; sourceTree = BUILT_PRODUCTS_DIR; };
		EBC8036B1A5BA7C000D95FEC /* Info.plist */ = {isa = PBXFileReference; lastKnownFileType = text.plist.xml; path = Info.plist; sourceTree = "<group>"; };
		EBC8036C1A5BA7C000D95FEC /* AppDelegate.swift */ = {isa = PBXFileReference; lastKnownFileType = sourcecode.swift; path = AppDelegate.swift; sourceTree = "<group>"; };
		EBC8036E1A5BA7C000D95FEC /* ViewController.swift */ = {isa = PBXFileReference; lastKnownFileType = sourcecode.swift; path = ViewController.swift; sourceTree = "<group>"; };
		EBC803711A5BA7C000D95FEC /* Base */ = {isa = PBXFileReference; lastKnownFileType = file.storyboard; name = Base; path = Base.lproj/Main.storyboard; sourceTree = "<group>"; };
		EBC803731A5BA7C000D95FEC /* Images.xcassets */ = {isa = PBXFileReference; lastKnownFileType = folder.assetcatalog; path = Images.xcassets; sourceTree = "<group>"; };
		EBC803761A5BA7C000D95FEC /* Base */ = {isa = PBXFileReference; lastKnownFileType = file.xib; name = Base; path = Base.lproj/LaunchScreen.xib; sourceTree = "<group>"; };
		EBC8037C1A5BA7C000D95FEC /* camera-sessionTests.xctest */ = {isa = PBXFileReference; explicitFileType = wrapper.cfbundle; includeInIndex = 0; path = "camera-sessionTests.xctest"; sourceTree = BUILT_PRODUCTS_DIR; };
		EBC803811A5BA7C000D95FEC /* Info.plist */ = {isa = PBXFileReference; lastKnownFileType = text.plist.xml; path = Info.plist; sourceTree = "<group>"; };
		EBC803821A5BA7C000D95FEC /* camera_sessionTests.swift */ = {isa = PBXFileReference; lastKnownFileType = sourcecode.swift; path = camera_sessionTests.swift; sourceTree = "<group>"; };
/* End PBXFileReference section */

/* Begin PBXFrameworksBuildPhase section */
		EBC803641A5BA7C000D95FEC /* Frameworks */ = {
			isa = PBXFrameworksBuildPhase;
			buildActionMask = 2147483647;
			files = (
			);
			runOnlyForDeploymentPostprocessing = 0;
		};
		EBC803791A5BA7C000D95FEC /* Frameworks */ = {
			isa = PBXFrameworksBuildPhase;
			buildActionMask = 2147483647;
			files = (
			);
			runOnlyForDeploymentPostprocessing = 0;
		};
/* End PBXFrameworksBuildPhase section */

/* Begin PBXGroup section */
		EBC8035E1A5BA7C000D95FEC = {
			isa = PBXGroup;
			children = (
				EBC803691A5BA7C000D95FEC /* camera-session */,
				EBC8037F1A5BA7C000D95FEC /* camera-sessionTests */,
				EBC803681A5BA7C000D95FEC /* Products */,
			);
			sourceTree = "<group>";
		};
		EBC803681A5BA7C000D95FEC /* Products */ = {
			isa = PBXGroup;
			children = (
				EBC803671A5BA7C000D95FEC /* camera-session.app */,
				EBC8037C1A5BA7C000D95FEC /* camera-sessionTests.xctest */,
			);
			name = Products;
			sourceTree = "<group>";
		};
		EBC803691A5BA7C000D95FEC /* camera-session */ = {
			isa = PBXGroup;
			children = (
				EBC8036C1A5BA7C000D95FEC /* AppDelegate.swift */,
				EBC8036E1A5BA7C000D95FEC /* ViewController.swift */,
				EBC803701A5BA7C000D95FEC /* Main.storyboard */,
				EBC803731A5BA7C000D95FEC /* Images.xcassets */,
				EBC803751A5BA7C000D95FEC /* LaunchScreen.xib */,
				EBC8036A1A5BA7C000D95FEC /* Supporting Files */,
			);
			path = "camera-session";
			sourceTree = "<group>";
		};
		EBC8036A1A5BA7C000D95FEC /* Supporting Files */ = {
			isa = PBXGroup;
			children = (
				EBC8036B1A5BA7C000D95FEC /* Info.plist */,
			);
			name = "Supporting Files";
			sourceTree = "<group>";
		};
		EBC8037F1A5BA7C000D95FEC /* camera-sessionTests */ = {
			isa = PBXGroup;
			children = (
				EBC803821A5BA7C000D95FEC /* camera_sessionTests.swift */,
				EBC803801A5BA7C000D95FEC /* Supporting Files */,
			);
			path = "camera-sessionTests";
			sourceTree = "<group>";
		};
		EBC803801A5BA7C000D95FEC /* Supporting Files */ = {
			isa = PBXGroup;
			children = (
				EBC803811A5BA7C000D95FEC /* Info.plist */,
			);
			name = "Supporting Files";
			sourceTree = "<group>";
		};
/* End PBXGroup section */

/* Begin PBXNativeTarget section */
		EBC803661A5BA7C000D95FEC /* camera-session */ = {
			isa = PBXNativeTarget;
			buildConfigurationList = EBC803861A5BA7C000D95FEC /* Build configuration list for PBXNativeTarget "camera-session" */;
			buildPhases = (
				EBC803631A5BA7C000D95FEC /* Sources */,
				EBC803641A5BA7C000D95FEC /* Frameworks */,
				EBC803651A5BA7C000D95FEC /* Resources */,
			);
			buildRules = (
			);
			dependencies = (
			);
			name = "camera-session";
			productName = "camera-session";
			productReference = EBC803671A5BA7C000D95FEC /* camera-session.app */;
			productType = "com.apple.product-type.application";
		};
		EBC8037B1A5BA7C000D95FEC /* camera-sessionTests */ = {
			isa = PBXNativeTarget;
			buildConfigurationList = EBC803891A5BA7C000D95FEC /* Build configuration list for PBXNativeTarget "camera-sessionTests" */;
			buildPhases = (
				EBC803781A5BA7C000D95FEC /* Sources */,
				EBC803791A5BA7C000D95FEC /* Frameworks */,
				EBC8037A1A5BA7C000D95FEC /* Resources */,
			);
			buildRules = (
			);
			dependencies = (
				EBC8037E1A5BA7C000D95FEC /* PBXTargetDependency */,
			);
			name = "camera-sessionTests";
			productName = "camera-sessionTests";
			productReference = EBC8037C1A5BA7C000D95FEC /* camera-sessionTests.xctest */;
			productType = "com.apple.product-type.bundle.unit-test";
		};
/* End PBXNativeTarget section */

/* Begin PBXProject section */
		EBC8035F1A5BA7C000D95FEC /* Project object */ = {
			isa = PBXProject;
			attributes = {
				LastUpgradeCheck = 0610;
				ORGANIZATIONNAME = tutorial;
				TargetAttributes = {
					EBC803661A5BA7C000D95FEC = {
						CreatedOnToolsVersion = 6.1.1;
					};
					EBC8037B1A5BA7C000D95FEC = {
						CreatedOnToolsVersion = 6.1.1;
						TestTargetID = EBC803661A5BA7C000D95FEC;
					};
				};
			};
			buildConfigurationList = EBC803621A5BA7C000D95FEC /* Build configuration list for PBXProject "camera-session" */;
			compatibilityVersion = "Xcode 3.2";
			developmentRegion = English;
			hasScannedForEncodings = 0;
			knownRegions = (
				en,
				Base,
			);
			mainGroup = EBC8035E1A5BA7C000D95FEC;
			productRefGroup = EBC803681A5BA7C000D95FEC /* Products */;
			projectDirPath = "";
			projectRoot = "";
			targets = (
				EBC803661A5BA7C000D95FEC /* camera-session */,
				EBC8037B1A5BA7C000D95FEC /* camera-sessionTests */,
			);
		};
/* End PBXProject section */

/* Begin PBXResourcesBuildPhase section */
		EBC803651A5BA7C000D95FEC /* Resources */ = {
			isa = PBXResourcesBuildPhase;
			buildActionMask = 2147483647;
			files = (
				EBC803721A5BA7C000D95FEC /* Main.storyboard in Resources */,
				EBC803771A5BA7C000D95FEC /* LaunchScreen.xib in Resources */,
				EBC803741A5BA7C000D95FEC /* Images.xcassets in Resources */,
			);
			runOnlyForDeploymentPostprocessing = 0;
		};
		EBC8037A1A5BA7C000D95FEC /* Resources */ = {
			isa = PBXResourcesBuildPhase;
			buildActionMask = 2147483647;
			files = (
			);
			runOnlyForDeploymentPostprocessing = 0;
		};
/* End PBXResourcesBuildPhase section */

/* Begin PBXSourcesBuildPhase section */
		EBC803631A5BA7C000D95FEC /* Sources */ = {
			isa = PBXSourcesBuildPhase;
			buildActionMask = 2147483647;
			files = (
				EBC8036F1A5BA7C000D95FEC /* ViewController.swift in Sources */,
				EBC8036D1A5BA7C000D95FEC /* AppDelegate.swift in Sources */,
			);
			runOnlyForDeploymentPostprocessing = 0;
		};
		EBC803781A5BA7C000D95FEC /* Sources */ = {
			isa = PBXSourcesBuildPhase;
			buildActionMask = 2147483647;
			files = (
				EBC803831A5BA7C000D95FEC /* camera_sessionTests.swift in Sources */,
			);
			runOnlyForDeploymentPostprocessing = 0;
		};
/* End PBXSourcesBuildPhase section */

/* Begin PBXTargetDependency section */
		EBC8037E1A5BA7C000D95FEC /* PBXTargetDependency */ = {
			isa = PBXTargetDependency;
			target = EBC803661A5BA7C000D95FEC /* camera-session */;
			targetProxy = EBC8037D1A5BA7C000D95FEC /* PBXContainerItemProxy */;
		};
/* End PBXTargetDependency section */

/* Begin PBXVariantGroup section */
		EBC803701A5BA7C000D95FEC /* Main.storyboard */ = {
			isa = PBXVariantGroup;
			children = (
				EBC803711A5BA7C000D95FEC /* Base */,
			);
			name = Main.storyboard;
			sourceTree = "<group>";
		};
		EBC803751A5BA7C000D95FEC /* LaunchScreen.xib */ = {
			isa = PBXVariantGroup;
			children = (
				EBC803761A5BA7C000D95FEC /* Base */,
			);
			name = LaunchScreen.xib;
			sourceTree = "<group>";
		};
/* End PBXVariantGroup section */

/* Begin XCBuildConfiguration section */
		EBC803841A5BA7C000D95FEC /* Debug */ = {
			isa = XCBuildConfiguration;
			buildSettings = {
				ALWAYS_SEARCH_USER_PATHS = NO;
				CLANG_CXX_LANGUAGE_STANDARD = "gnu++0x";
				CLANG_CXX_LIBRARY = "libc++";
				CLANG_ENABLE_MODULES = YES;
				CLANG_ENABLE_OBJC_ARC = YES;
				CLANG_WARN_BOOL_CONVERSION = YES;
				CLANG_WARN_CONSTANT_CONVERSION = YES;
				CLANG_WARN_DIRECT_OBJC_ISA_USAGE = YES_ERROR;
				CLANG_WARN_EMPTY_BODY = YES;
				CLANG_WARN_ENUM_CONVERSION = YES;
				CLANG_WARN_INT_CONVERSION = YES;
				CLANG_WARN_OBJC_ROOT_CLASS = YES_ERROR;
				CLANG_WARN_UNREACHABLE_CODE = YES;
				CLANG_WARN__DUPLICATE_METHOD_MATCH = YES;
				"CODE_SIGN_IDENTITY[sdk=iphoneos*]" = "iPhone Developer";
				COPY_PHASE_STRIP = NO;
				ENABLE_STRICT_OBJC_MSGSEND = YES;
				GCC_C_LANGUAGE_STANDARD = gnu99;
				GCC_DYNAMIC_NO_PIC = NO;
				GCC_OPTIMIZATION_LEVEL = 0;
				GCC_PREPROCESSOR_DEFINITIONS = (
					"DEBUG=1",
					"$(inherited)",
				);
				GCC_SYMBOLS_PRIVATE_EXTERN = NO;
				GCC_WARN_64_TO_32_BIT_CONVERSION = YES;
				GCC_WARN_ABOUT_RETURN_TYPE = YES_ERROR;
				GCC_WARN_UNDECLARED_SELECTOR = YES;
				GCC_WARN_UNINITIALIZED_AUTOS = YES_AGGRESSIVE;
				GCC_WARN_UNUSED_FUNCTION = YES;
				GCC_WARN_UNUSED_VARIABLE = YES;
				IPHONEOS_DEPLOYMENT_TARGET = 8.1;
				MTL_ENABLE_DEBUG_INFO = YES;
				ONLY_ACTIVE_ARCH = YES;
				SDKROOT = iphoneos;
				SWIFT_OPTIMIZATION_LEVEL = "-Onone";
				TARGETED_DEVICE_FAMILY = "1,2";
			};
			name = Debug;
		};
		EBC803851A5BA7C000D95FEC /* Release */ = {
			isa = XCBuildConfiguration;
			buildSettings = {
				ALWAYS_SEARCH_USER_PATHS = NO;
				CLANG_CXX_LANGUAGE_STANDARD = "gnu++0x";
				CLANG_CXX_LIBRARY = "libc++";
				CLANG_ENABLE_MODULES = YES;
				CLANG_ENABLE_OBJC_ARC = YES;
				CLANG_WARN_BOOL_CONVERSION = YES;
				CLANG_WARN_CONSTANT_CONVERSION = YES;
				CLANG_WARN_DIRECT_OBJC_ISA_USAGE = YES_ERROR;
				CLANG_WARN_EMPTY_BODY = YES;
				CLANG_WARN_ENUM_CONVERSION = YES;
				CLANG_WARN_INT_CONVERSION = YES;
				CLANG_WARN_OBJC_ROOT_CLASS = YES_ERROR;
				CLANG_WARN_UNREACHABLE_CODE = YES;
				CLANG_WARN__DUPLICATE_METHOD_MATCH = YES;
				"CODE_SIGN_IDENTITY[sdk=iphoneos*]" = "iPhone Developer";
				COPY_PHASE_STRIP = YES;
				ENABLE_NS_ASSERTIONS = NO;
				ENABLE_STRICT_OBJC_MSGSEND = YES;
				GCC_C_LANGUAGE_STANDARD = gnu99;
				GCC_WARN_64_TO_32_BIT_CONVERSION = YES;
				GCC_WARN_ABOUT_RETURN_TYPE = YES_ERROR;
				GCC_WARN_UNDECLARED_SELECTOR = YES;
				GCC_WARN_UNINITIALIZED_AUTOS = YES_AGGRESSIVE;
				GCC_WARN_UNUSED_FUNCTION = YES;
				GCC_WARN_UNUSED_VARIABLE = YES;
				IPHONEOS_DEPLOYMENT_TARGET = 8.1;
				MTL_ENABLE_DEBUG_INFO = NO;
				SDKROOT = iphoneos;
				TARGETED_DEVICE_FAMILY = "1,2";
				VALIDATE_PRODUCT = YES;
			};
			name = Release;
		};
		EBC803871A5BA7C000D95FEC /* Debug */ = {
			isa = XCBuildConfiguration;
			buildSettings = {
				ASSETCATALOG_COMPILER_APPICON_NAME = AppIcon;
				INFOPLIST_FILE = "camera-session/Info.plist";
				LD_RUNPATH_SEARCH_PATHS = "$(inherited) @executable_path/Frameworks";
				PRODUCT_NAME = "$(TARGET_NAME)";
			};
			name = Debug;
		};
		EBC803881A5BA7C000D95FEC /* Release */ = {
			isa = XCBuildConfiguration;
			buildSettings = {
				ASSETCATALOG_COMPILER_APPICON_NAME = AppIcon;
				INFOPLIST_FILE = "camera-session/Info.plist";
				LD_RUNPATH_SEARCH_PATHS = "$(inherited) @executable_path/Frameworks";
				PRODUCT_NAME = "$(TARGET_NAME)";
			};
			name = Release;
		};
		EBC8038A1A5BA7C000D95FEC /* Debug */ = {
			isa = XCBuildConfiguration;
			buildSettings = {
				BUNDLE_LOADER = "$(TEST_HOST)";
				FRAMEWORK_SEARCH_PATHS = (
					"$(SDKROOT)/Developer/Library/Frameworks",
					"$(inherited)",
				);
				GCC_PREPROCESSOR_DEFINITIONS = (
					"DEBUG=1",
					"$(inherited)",
				);
				INFOPLIST_FILE = "camera-sessionTests/Info.plist";
				LD_RUNPATH_SEARCH_PATHS = "$(inherited) @executable_path/Frameworks @loader_path/Frameworks";
				PRODUCT_NAME = "$(TARGET_NAME)";
				TEST_HOST = "$(BUILT_PRODUCTS_DIR)/camera-session.app/camera-session";
			};
			name = Debug;
		};
		EBC8038B1A5BA7C000D95FEC /* Release */ = {
			isa = XCBuildConfiguration;
			buildSettings = {
				BUNDLE_LOADER = "$(TEST_HOST)";
				FRAMEWORK_SEARCH_PATHS = (
					"$(SDKROOT)/Developer/Library/Frameworks",
					"$(inherited)",
				);
				INFOPLIST_FILE = "camera-sessionTests/Info.plist";
				LD_RUNPATH_SEARCH_PATHS = "$(inherited) @executable_path/Frameworks @loader_path/Frameworks";
				PRODUCT_NAME = "$(TARGET_NAME)";
				TEST_HOST = "$(BUILT_PRODUCTS_DIR)/camera-session.app/camera-session";
			};
			name = Release;
		};
/* End XCBuildConfiguration section */

/* Begin XCConfigurationList section */
		EBC803621A5BA7C000D95FEC /* Build configuration list for PBXProject "camera-session" */ = {
			isa = XCConfigurationList;
			buildConfigurations = (
				EBC803841A5BA7C000D95FEC /* Debug */,
				EBC803851A5BA7C000D95FEC /* Release */,
			);
			defaultConfigurationIsVisible = 0;
			defaultConfigurationName = Release;
		};
		EBC803861A5BA7C000D95FEC /* Build configuration list for PBXNativeTarget "camera-session" */ = {
			isa = XCConfigurationList;
			buildConfigurations = (
				EBC803871A5BA7C000D95FEC /* Debug */,
				EBC803881A5BA7C000D95FEC /* Release */,
			);
			defaultConfigurationIsVisible = 0;
		};
		EBC803891A5BA7C000D95FEC /* Build configuration list for PBXNativeTarget "camera-sessionTests" */ = {
			isa = XCConfigurationList;
			buildConfigurations = (
				EBC8038A1A5BA7C000D95FEC /* Debug */,
				EBC8038B1A5BA7C000D95FEC /* Release */,
			);
			defaultConfigurationIsVisible = 0;
		};
/* End XCConfigurationList section */
	};
	rootObject = EBC8035F1A5BA7C000D95FEC /* Project object */;
}
